
Microsoft Visual Studio Solution File, Format Version 12.00
# Visual Studio Version 16
VisualStudioVersion = 16.0.30804.86
MinimumVisualStudioVersion = 10.0.40219.1
Project("{FAE04EC0-301F-11D3-BF4B-00C04F79EFBC}") = "ProjeTakipSistemi", "ProjeTakipSistemi\ProjeTakipSistemi.csproj", "{AA61D732-E243-4D0C-B97F-9522F3CF9DB3}"
EndProject
Project("{54435603-DBB4-11D2-8724-00A0C9A8B90C}") = "ProjeTakipSistemiSetup", "ProjeTakipSistemiSetup\ProjeTakipSistemiSetup.vdproj", "{1AA78D95-5D7A-4D88-AD75-4369EC50A2B7}"
EndProject
Global
	GlobalSection(SolutionConfigurationPlatforms) = preSolution
		Debug|Any CPU = Debug|Any CPU
		Release|Any CPU = Release|Any CPU
	EndGlobalSection
	GlobalSection(ProjectConfigurationPlatforms) = postSolution
		{AA61D732-E243-4D0C-B97F-9522F3CF9DB3}.Debug|Any CPU.ActiveCfg = Debug|Any CPU
		{AA61D732-E243-4D0C-B97F-9522F3CF9DB3}.Debug|Any CPU.Build.0 = Debug|Any CPU
		{AA61D732-E243-4D0C-B97F-9522F3CF9DB3}.Release|Any CPU.ActiveCfg = Release|Any CPU
		{AA61D732-E243-4D0C-B97F-9522F3CF9DB3}.Release|Any CPU.Build.0 = Release|Any CPU
		{1AA78D95-5D7A-4D88-AD75-4369EC50A2B7}.Debug|Any CPU.ActiveCfg = Debug
		{1AA78D95-5D7A-4D88-AD75-4369EC50A2B7}.Release|Any CPU.ActiveCfg = Release
	EndGlobalSection
	GlobalSection(SolutionProperties) = preSolution
		HideSolutionNode = FALSE
	EndGlobalSection
	GlobalSection(ExtensibilityGlobals) = postSolution
		SolutionGuid = {846296E6-4145-4AED-A5DC-B89747E48701}
	EndGlobalSection
EndGlobal
